
Microsoft Visual Studio Solution File, Format Version 12.00
# Visual Studio Version 17
VisualStudioVersion = 17.11.35222.181
MinimumVisualStudioVersion = 10.0.40219.1
Project("{F2A71F9B-5D33-465A-A702-920D77279786}") = "ConsoleUtils", "ConsoleUtils.fsproj", "{A1278D30-145F-408C-966B-AF626F1B12C0}"
EndProject
Global
	GlobalSection(SolutionConfigurationPlatforms) = preSolution
		Debug|Any CPU = Debug|Any CPU
		Release|Any CPU = Release|Any CPU
	EndGlobalSection
	GlobalSection(ProjectConfigurationPlatforms) = postSolution
		{A1278D30-145F-408C-966B-AF626F1B12C0}.Debug|Any CPU.ActiveCfg = Debug|Any CPU
		{A1278D30-145F-408C-966B-AF626F1B12C0}.Debug|Any CPU.Build.0 = Debug|Any CPU
		{A1278D30-145F-408C-966B-AF626F1B12C0}.Release|Any CPU.ActiveCfg = Release|Any CPU
		{A1278D30-145F-408C-966B-AF626F1B12C0}.Release|Any CPU.Build.0 = Release|Any CPU
	EndGlobalSection
	GlobalSection(SolutionProperties) = preSolution
		HideSolutionNode = FALSE
	EndGlobalSection
	GlobalSection(ExtensibilityGlobals) = postSolution
		SolutionGuid = {03056518-3CFC-4BA7-9DCB-183974CA2F18}
	EndGlobalSection
EndGlobal
